{
  "version": 4,
  "terraform_version": "1.3.4",
  "serial": 45,
  "lineage": "df885df6-e237-600b-e8c9-fe849e270a83",
  "outputs": {},
  "resources": [
    {
      "module": "module.access_ip",
      "mode": "data",
      "type": "external",
      "name": "myipaddr",
      "provider": "provider[\"registry.terraform.io/hashicorp/external\"]",
      "instances": [
        {
          "schema_version": 0,
          "attributes": {
            "id": "-",
            "program": [
              "bash",
              "-c",
              "curl -s 'https://ipinfo.io/json'"
            ],
            "query": null,
            "result": {
              "city": "Mason",
              "country": "US",
              "hostname": "mta-65-186-13-143.cinci.rr.com",
              "ip": "65.186.13.143",
              "loc": "39.3601,-84.3099",
              "org": "AS10796 Charter Communications Inc",
              "postal": "45040",
              "readme": "https://ipinfo.io/missingauth",
              "region": "Ohio",
              "timezone": "America/New_York"
            },
            "working_dir": null
          },
          "sensitive_attributes": []
        }
      ]
    },
    {
      "module": "module.compute",
      "mode": "data",
      "type": "aws_ami",
      "name": "amzlinux2",
      "provider": "provider[\"registry.terraform.io/hashicorp/aws\"]",
      "instances": [
        {
          "schema_version": 0,
          "attributes": {
            "architecture": "x86_64",
            "arn": "arn:aws:ec2:us-east-1::image/ami-02b972fec07f1e659",
            "block_device_mappings": [
              {
                "device_name": "/dev/xvda",
                "ebs": {
                  "delete_on_termination": "true",
                  "encrypted": "false",
                  "iops": "0",
                  "snapshot_id": "snap-04308ced7527dd1bd",
                  "throughput": "0",
                  "volume_size": "8",
                  "volume_type": "gp2"
                },
                "no_device": "",
                "virtual_name": ""
              }
            ],
            "boot_mode": "",
            "creation_date": "2022-11-14T23:00:15.000Z",
            "deprecation_time": "2024-11-14T23:00:15.000Z",
            "description": "Amazon Linux 2 AMI 2.0.20221103.3 x86_64 HVM gp2",
            "ena_support": true,
            "executable_users": null,
            "filter": [
              {
                "name": "architecture",
                "values": [
                  "x86_64"
                ]
              },
              {
                "name": "name",
                "values": [
                  "amzn2-ami-hvm-*-gp2"
                ]
              },
              {
                "name": "root-device-type",
                "values": [
                  "ebs"
                ]
              },
              {
                "name": "virtualization-type",
                "values": [
                  "hvm"
                ]
              }
            ],
            "hypervisor": "xen",
            "id": "ami-02b972fec07f1e659",
            "image_id": "ami-02b972fec07f1e659",
            "image_location": "amazon/amzn2-ami-hvm-2.0.20221103.3-x86_64-gp2",
            "image_owner_alias": "amazon",
            "image_type": "machine",
            "imds_support": "",
            "include_deprecated": false,
            "kernel_id": "",
            "most_recent": true,
            "name": "amzn2-ami-hvm-2.0.20221103.3-x86_64-gp2",
            "name_regex": null,
            "owner_id": "137112412989",
            "owners": [
              "amazon"
            ],
            "platform": "",
            "platform_details": "Linux/UNIX",
            "product_codes": [],
            "public": true,
            "ramdisk_id": "",
            "root_device_name": "/dev/xvda",
            "root_device_type": "ebs",
            "root_snapshot_id": "snap-04308ced7527dd1bd",
            "sriov_net_support": "simple",
            "state": "available",
            "state_reason": {
              "code": "UNSET",
              "message": "UNSET"
            },
            "tags": {},
            "timeouts": null,
            "tpm_support": "",
            "usage_operation": "RunInstances",
            "virtualization_type": "hvm"
          },
          "sensitive_attributes": []
        }
      ]
    },
    {
      "module": "module.compute",
      "mode": "managed",
      "type": "aws_instance",
      "name": "bastion",
      "provider": "provider[\"registry.terraform.io/hashicorp/aws\"]",
      "instances": [
        {
          "schema_version": 1,
          "attributes": {
            "ami": "ami-02b972fec07f1e659",
            "arn": "arn:aws:ec2:us-east-1:802803423954:instance/i-07d37305852b5f4a8",
            "associate_public_ip_address": true,
            "availability_zone": "us-east-1a",
            "capacity_reservation_specification": [
              {
                "capacity_reservation_preference": "open",
                "capacity_reservation_target": []
              }
            ],
            "cpu_core_count": 1,
            "cpu_threads_per_core": 1,
            "credit_specification": [
              {
                "cpu_credits": "standard"
              }
            ],
            "disable_api_stop": false,
            "disable_api_termination": false,
            "ebs_block_device": [],
            "ebs_optimized": false,
            "enclave_options": [
              {
                "enabled": false
              }
            ],
            "ephemeral_block_device": [],
            "get_password_data": false,
            "hibernation": false,
            "host_id": null,
            "host_resource_group_arn": null,
            "iam_instance_profile": "",
            "id": "i-07d37305852b5f4a8",
            "instance_initiated_shutdown_behavior": "stop",
            "instance_state": "running",
            "instance_type": "t2.micro",
            "ipv6_address_count": 0,
            "ipv6_addresses": [],
            "key_name": "bastion-key",
            "launch_template": [],
            "maintenance_options": [
              {
                "auto_recovery": "default"
              }
            ],
            "metadata_options": [
              {
                "http_endpoint": "enabled",
                "http_put_response_hop_limit": 1,
                "http_tokens": "optional",
                "instance_metadata_tags": "disabled"
              }
            ],
            "monitoring": false,
            "network_interface": [],
            "outpost_arn": "",
            "password_data": "",
            "placement_group": "",
            "placement_partition_number": null,
            "primary_network_interface_id": "eni-0d1665d52c32e902b",
            "private_dns": "ip-10-0-1-213.ec2.internal",
            "private_dns_name_options": [
              {
                "enable_resource_name_dns_a_record": false,
                "enable_resource_name_dns_aaaa_record": false,
                "hostname_type": "ip-name"
              }
            ],
            "private_ip": "10.0.1.213",
            "public_dns": "ec2-3-83-95-161.compute-1.amazonaws.com",
            "public_ip": "3.83.95.161",
            "root_block_device": [
              {
                "delete_on_termination": true,
                "device_name": "/dev/xvda",
                "encrypted": false,
                "iops": 100,
                "kms_key_id": "",
                "tags": {},
                "throughput": 0,
                "volume_id": "vol-0fb6b355d93401506",
                "volume_size": 8,
                "volume_type": "gp2"
              }
            ],
            "secondary_private_ips": [],
            "security_groups": [
              "sg-06491e13aec784843"
            ],
            "source_dest_check": true,
            "subnet_id": "subnet-0b581e4ec172b82fb",
            "tags": {
              "Name": "Bastion"
            },
            "tags_all": {
              "Name": "Bastion"
            },
            "tenancy": "default",
            "timeouts": null,
            "user_data": null,
            "user_data_base64": null,
            "user_data_replace_on_change": false,
            "volume_tags": null,
            "vpc_security_group_ids": [
              "sg-06491e13aec784843"
            ]
          },
          "sensitive_attributes": [],
          "private": "eyJlMmJmYjczMC1lY2FhLTExZTYtOGY4OC0zNDM2M2JjN2M0YzAiOnsiY3JlYXRlIjo2MDAwMDAwMDAwMDAsImRlbGV0ZSI6MTIwMDAwMDAwMDAwMCwidXBkYXRlIjo2MDAwMDAwMDAwMDB9LCJzY2hlbWFfdmVyc2lvbiI6IjEifQ==",
          "dependencies": [
            "module.access_ip.data.external.myipaddr",
            "module.compute.aws_key_pair.bastion_key",
            "module.compute.data.aws_ami.amzlinux2",
            "module.networking.module.vpc.aws_subnet.public",
            "module.networking.module.vpc.aws_vpc.this",
            "module.networking.module.vpc.aws_vpc_ipv4_cidr_block_association.this",
            "module.security-groups.aws_security_group.bastion_sg"
          ]
        }
      ]
    },
    {
      "module": "module.compute",
      "mode": "managed",
      "type": "aws_instance",
      "name": "webservers",
      "provider": "provider[\"registry.terraform.io/hashicorp/aws\"]",
      "instances": [
        {
          "index_key": 0,
          "schema_version": 1,
          "attributes": {
            "ami": "ami-02b972fec07f1e659",
            "arn": "arn:aws:ec2:us-east-1:802803423954:instance/i-0735c77ffa80405d0",
            "associate_public_ip_address": false,
            "availability_zone": "us-east-1a",
            "capacity_reservation_specification": [
              {
                "capacity_reservation_preference": "open",
                "capacity_reservation_target": []
              }
            ],
            "cpu_core_count": 1,
            "cpu_threads_per_core": 1,
            "credit_specification": [
              {
                "cpu_credits": "standard"
              }
            ],
            "disable_api_stop": false,
            "disable_api_termination": false,
            "ebs_block_device": [],
            "ebs_optimized": false,
            "enclave_options": [
              {
                "enabled": false
              }
            ],
            "ephemeral_block_device": [],
            "get_password_data": false,
            "hibernation": false,
            "host_id": null,
            "host_resource_group_arn": null,
            "iam_instance_profile": "",
            "id": "i-0735c77ffa80405d0",
            "instance_initiated_shutdown_behavior": "stop",
            "instance_state": "running",
            "instance_type": "t2.micro",
            "ipv6_address_count": 0,
            "ipv6_addresses": [],
            "key_name": "",
            "launch_template": [],
            "maintenance_options": [
              {
                "auto_recovery": "default"
              }
            ],
            "metadata_options": [
              {
                "http_endpoint": "enabled",
                "http_put_response_hop_limit": 1,
                "http_tokens": "optional",
                "instance_metadata_tags": "disabled"
              }
            ],
            "monitoring": false,
            "network_interface": [],
            "outpost_arn": "",
            "password_data": "",
            "placement_group": "",
            "placement_partition_number": null,
            "primary_network_interface_id": "eni-0977d86d59706eaa7",
            "private_dns": "ip-10-0-11-182.ec2.internal",
            "private_dns_name_options": [
              {
                "enable_resource_name_dns_a_record": false,
                "enable_resource_name_dns_aaaa_record": false,
                "hostname_type": "ip-name"
              }
            ],
            "private_ip": "10.0.11.182",
            "public_dns": "",
            "public_ip": "",
            "root_block_device": [
              {
                "delete_on_termination": true,
                "device_name": "/dev/xvda",
                "encrypted": false,
                "iops": 100,
                "kms_key_id": "",
                "tags": {},
                "throughput": 0,
                "volume_id": "vol-05fff5b60bb5d3741",
                "volume_size": 8,
                "volume_type": "gp2"
              }
            ],
            "secondary_private_ips": [],
            "security_groups": [
              "sg-01ef3c225f4aeca0a"
            ],
            "source_dest_check": true,
            "subnet_id": "subnet-03015c46ed669a301",
            "tags": {
              "Name": "webserver-0"
            },
            "tags_all": {
              "Name": "webserver-0"
            },
            "tenancy": "default",
            "timeouts": null,
            "user_data": "895d1218510c08a4138e11d8a0ded99e2edcae54",
            "user_data_base64": null,
            "user_data_replace_on_change": false,
            "volume_tags": null,
            "vpc_security_group_ids": [
              "sg-01ef3c225f4aeca0a"
            ]
          },
          "sensitive_attributes": [],
          "private": "eyJlMmJmYjczMC1lY2FhLTExZTYtOGY4OC0zNDM2M2JjN2M0YzAiOnsiY3JlYXRlIjo2MDAwMDAwMDAwMDAsImRlbGV0ZSI6MTIwMDAwMDAwMDAwMCwidXBkYXRlIjo2MDAwMDAwMDAwMDB9LCJzY2hlbWFfdmVyc2lvbiI6IjEifQ==",
          "dependencies": [
            "module.access_ip.data.external.myipaddr",
            "module.compute.data.aws_ami.amzlinux2",
            "module.networking.module.vpc.aws_subnet.private",
            "module.networking.module.vpc.aws_vpc.this",
            "module.networking.module.vpc.aws_vpc_ipv4_cidr_block_association.this",
            "module.security-groups.aws_security_group.alb_sg",
            "module.security-groups.aws_security_group.bastion_sg",
            "module.security-groups.aws_security_group.webserver_sg"
          ]
        },
        {
          "index_key": 1,
          "schema_version": 1,
          "attributes": {
            "ami": "ami-02b972fec07f1e659",
            "arn": "arn:aws:ec2:us-east-1:802803423954:instance/i-03ea59bd47fe29bfa",
            "associate_public_ip_address": false,
            "availability_zone": "us-east-1b",
            "capacity_reservation_specification": [
              {
                "capacity_reservation_preference": "open",
                "capacity_reservation_target": []
              }
            ],
            "cpu_core_count": 1,
            "cpu_threads_per_core": 1,
            "credit_specification": [
              {
                "cpu_credits": "standard"
              }
            ],
            "disable_api_stop": false,
            "disable_api_termination": false,
            "ebs_block_device": [],
            "ebs_optimized": false,
            "enclave_options": [
              {
                "enabled": false
              }
            ],
            "ephemeral_block_device": [],
            "get_password_data": false,
            "hibernation": false,
            "host_id": null,
            "host_resource_group_arn": null,
            "iam_instance_profile": "",
            "id": "i-03ea59bd47fe29bfa",
            "instance_initiated_shutdown_behavior": "stop",
            "instance_state": "running",
            "instance_type": "t2.micro",
            "ipv6_address_count": 0,
            "ipv6_addresses": [],
            "key_name": "",
            "launch_template": [],
            "maintenance_options": [
              {
                "auto_recovery": "default"
              }
            ],
            "metadata_options": [
              {
                "http_endpoint": "enabled",
                "http_put_response_hop_limit": 1,
                "http_tokens": "optional",
                "instance_metadata_tags": "disabled"
              }
            ],
            "monitoring": false,
            "network_interface": [],
            "outpost_arn": "",
            "password_data": "",
            "placement_group": "",
            "placement_partition_number": null,
            "primary_network_interface_id": "eni-0630f2a3df7d1f30c",
            "private_dns": "ip-10-0-22-168.ec2.internal",
            "private_dns_name_options": [
              {
                "enable_resource_name_dns_a_record": false,
                "enable_resource_name_dns_aaaa_record": false,
                "hostname_type": "ip-name"
              }
            ],
            "private_ip": "10.0.22.168",
            "public_dns": "",
            "public_ip": "",
            "root_block_device": [
              {
                "delete_on_termination": true,
                "device_name": "/dev/xvda",
                "encrypted": false,
                "iops": 100,
                "kms_key_id": "",
                "tags": {},
                "throughput": 0,
                "volume_id": "vol-08d7d70a89874350e",
                "volume_size": 8,
                "volume_type": "gp2"
              }
            ],
            "secondary_private_ips": [],
            "security_groups": [
              "sg-01ef3c225f4aeca0a"
            ],
            "source_dest_check": true,
            "subnet_id": "subnet-0af58de63054e8cfa",
            "tags": {
              "Name": "webserver-1"
            },
            "tags_all": {
              "Name": "webserver-1"
            },
            "tenancy": "default",
            "timeouts": null,
            "user_data": "895d1218510c08a4138e11d8a0ded99e2edcae54",
            "user_data_base64": null,
            "user_data_replace_on_change": false,
            "volume_tags": null,
            "vpc_security_group_ids": [
              "sg-01ef3c225f4aeca0a"
            ]
          },
          "sensitive_attributes": [],
          "private": "eyJlMmJmYjczMC1lY2FhLTExZTYtOGY4OC0zNDM2M2JjN2M0YzAiOnsiY3JlYXRlIjo2MDAwMDAwMDAwMDAsImRlbGV0ZSI6MTIwMDAwMDAwMDAwMCwidXBkYXRlIjo2MDAwMDAwMDAwMDB9LCJzY2hlbWFfdmVyc2lvbiI6IjEifQ==",
          "dependencies": [
            "module.access_ip.data.external.myipaddr",
            "module.compute.data.aws_ami.amzlinux2",
            "module.networking.module.vpc.aws_subnet.private",
            "module.networking.module.vpc.aws_vpc.this",
            "module.networking.module.vpc.aws_vpc_ipv4_cidr_block_association.this",
            "module.security-groups.aws_security_group.alb_sg",
            "module.security-groups.aws_security_group.bastion_sg",
            "module.security-groups.aws_security_group.webserver_sg"
          ]
        }
      ]
    },
    {
      "module": "module.compute",
      "mode": "managed",
      "type": "aws_key_pair",
      "name": "bastion_key",
      "provider": "provider[\"registry.terraform.io/hashicorp/aws\"]",
      "instances": [
        {
          "schema_version": 1,
          "attributes": {
            "arn": "arn:aws:ec2:us-east-1:802803423954:key-pair/bastion-key",
            "fingerprint": "d4:73:20:cd:de:be:01:55:ec:4a:25:73:cd:14:4a:8e",
            "id": "bastion-key",
            "key_name": "bastion-key",
            "key_name_prefix": "",
            "key_pair_id": "key-0bdaba86e5045fe70",
            "key_type": "rsa",
            "public_key": "ssh-rsa AAAAB3NzaC1yc2EAAAADAQABAAABAQC5Jg1ptttU3ZF1LFavPUMgUR6vFDIW8Ll5SU4JO+XBdTFl7fyMqCq5kzQo9tvMpgkLAm0YTpPWSmEFW2+3nQgg96mvBz+SJSGHOZ2dsZ7CWQApMe6nd+Uz3PbvjjA3WBxYdYARHB26nArHwXVE5WutWdoxX33IRZDrE5t0VaWTNnsXovyb/Zpglt2TBrRUnvyHWhhF5qz8p0uKouwWMc1/mCSKj9ZMXDWhE6ShCOkvbPwCT0Ugg8OXJdpITJHR3zBpj9q2MhYYxANNwlpXwefxoy7gvhKC9Yw0wU+ZQYR0zGU7RwU2tzj0wEXxNR8aJcQvMn16ClVNjSvuTbJIMsgt terraform key",
            "tags": null,
            "tags_all": {}
          },
          "sensitive_attributes": [],
          "private": "eyJzY2hlbWFfdmVyc2lvbiI6IjEifQ=="
        }
      ]
    },
    {
      "module": "module.load_balancer",
      "mode": "managed",
      "type": "aws_lb",
      "name": "alb",
      "provider": "provider[\"registry.terraform.io/hashicorp/aws\"]",
      "instances": [
        {
          "schema_version": 0,
          "attributes": {
            "access_logs": [
              {
                "bucket": "",
                "enabled": false,
                "prefix": ""
              }
            ],
            "arn": "arn:aws:elasticloadbalancing:us-east-1:802803423954:loadbalancer/app/application-lb/e11f4286b98f88cf",
            "arn_suffix": "app/application-lb/e11f4286b98f88cf",
            "customer_owned_ipv4_pool": "",
            "desync_mitigation_mode": "defensive",
            "dns_name": "application-lb-1124405209.us-east-1.elb.amazonaws.com",
            "drop_invalid_header_fields": false,
            "enable_cross_zone_load_balancing": true,
            "enable_deletion_protection": false,
            "enable_http2": true,
            "enable_waf_fail_open": false,
            "id": "arn:aws:elasticloadbalancing:us-east-1:802803423954:loadbalancer/app/application-lb/e11f4286b98f88cf",
            "idle_timeout": 60,
            "internal": false,
            "ip_address_type": "ipv4",
            "load_balancer_type": "application",
            "name": "application-lb",
            "name_prefix": null,
            "preserve_host_header": false,
            "security_groups": [
              "sg-04cde2ae57be7fb1a"
            ],
            "subnet_mapping": [
              {
                "allocation_id": "",
                "ipv6_address": "",
                "outpost_id": "",
                "private_ipv4_address": "",
                "subnet_id": "subnet-03015c46ed669a301"
              },
              {
                "allocation_id": "",
                "ipv6_address": "",
                "outpost_id": "",
                "private_ipv4_address": "",
                "subnet_id": "subnet-0af58de63054e8cfa"
              }
            ],
            "subnets": [
              "subnet-03015c46ed669a301",
              "subnet-0af58de63054e8cfa"
            ],
            "tags": null,
            "tags_all": {},
            "timeouts": null,
            "vpc_id": "vpc-0df871ee8a3d375f0",
            "zone_id": "Z35SXDOTRQ7X7K"
          },
          "sensitive_attributes": [],
          "private": "eyJlMmJmYjczMC1lY2FhLTExZTYtOGY4OC0zNDM2M2JjN2M0YzAiOnsiY3JlYXRlIjo2MDAwMDAwMDAwMDAsImRlbGV0ZSI6NjAwMDAwMDAwMDAwLCJ1cGRhdGUiOjYwMDAwMDAwMDAwMH19",
          "dependencies": [
            "module.networking.module.vpc.aws_subnet.private",
            "module.networking.module.vpc.aws_vpc.this",
            "module.networking.module.vpc.aws_vpc_ipv4_cidr_block_association.this",
            "module.security-groups.aws_security_group.alb_sg"
          ]
        }
      ]
    },
    {
      "module": "module.load_balancer",
      "mode": "managed",
      "type": "aws_lb_listener",
      "name": "listener_http",
      "provider": "provider[\"registry.terraform.io/hashicorp/aws\"]",
      "instances": [
        {
          "schema_version": 0,
          "attributes": {
            "alpn_policy": null,
            "arn": "arn:aws:elasticloadbalancing:us-east-1:802803423954:listener/app/application-lb/e11f4286b98f88cf/4a0f4270505b23ed",
            "certificate_arn": null,
            "default_action": [
              {
                "authenticate_cognito": [],
                "authenticate_oidc": [],
                "fixed_response": [],
                "forward": [],
                "order": 1,
                "redirect": [],
                "target_group_arn": "arn:aws:elasticloadbalancing:us-east-1:802803423954:targetgroup/lb-tg/7ea8fea90e7ecff4",
                "type": "forward"
              }
            ],
            "id": "arn:aws:elasticloadbalancing:us-east-1:802803423954:listener/app/application-lb/e11f4286b98f88cf/4a0f4270505b23ed",
            "load_balancer_arn": "arn:aws:elasticloadbalancing:us-east-1:802803423954:loadbalancer/app/application-lb/e11f4286b98f88cf",
            "port": 80,
            "protocol": "HTTP",
            "ssl_policy": "",
            "tags": null,
            "tags_all": {},
            "timeouts": null
          },
          "sensitive_attributes": [],
          "private": "eyJlMmJmYjczMC1lY2FhLTExZTYtOGY4OC0zNDM2M2JjN2M0YzAiOnsicmVhZCI6NjAwMDAwMDAwMDAwfX0=",
          "dependencies": [
            "module.load_balancer.aws_lb.alb",
            "module.load_balancer.aws_lb_target_group.webservers_tg",
            "module.networking.module.vpc.aws_subnet.private",
            "module.networking.module.vpc.aws_vpc.this",
            "module.networking.module.vpc.aws_vpc_ipv4_cidr_block_association.this",
            "module.security-groups.aws_security_group.alb_sg"
          ]
        }
      ]
    },
    {
      "module": "module.load_balancer",
      "mode": "managed",
      "type": "aws_lb_target_group",
      "name": "webservers_tg",
      "provider": "provider[\"registry.terraform.io/hashicorp/aws\"]",
      "instances": [
        {
          "schema_version": 0,
          "attributes": {
            "arn": "arn:aws:elasticloadbalancing:us-east-1:802803423954:targetgroup/lb-tg/7ea8fea90e7ecff4",
            "arn_suffix": "targetgroup/lb-tg/7ea8fea90e7ecff4",
            "connection_termination": false,
            "deregistration_delay": "300",
            "health_check": [
              {
                "enabled": true,
                "healthy_threshold": 5,
                "interval": 30,
                "matcher": "200",
                "path": "/",
                "port": "traffic-port",
                "protocol": "HTTP",
                "timeout": 5,
                "unhealthy_threshold": 2
              }
            ],
            "id": "arn:aws:elasticloadbalancing:us-east-1:802803423954:targetgroup/lb-tg/7ea8fea90e7ecff4",
            "ip_address_type": "ipv4",
            "lambda_multi_value_headers_enabled": false,
            "load_balancing_algorithm_type": "round_robin",
            "name": "lb-tg",
            "name_prefix": null,
            "port": 80,
            "preserve_client_ip": null,
            "protocol": "HTTP",
            "protocol_version": "HTTP1",
            "proxy_protocol_v2": false,
            "slow_start": 0,
            "stickiness": [
              {
                "cookie_duration": 86400,
                "cookie_name": "",
                "enabled": true,
                "type": "lb_cookie"
              }
            ],
            "tags": null,
            "tags_all": {},
            "target_failover": [
              {
                "on_deregistration": null,
                "on_unhealthy": null
              }
            ],
            "target_type": "instance",
            "vpc_id": "vpc-0df871ee8a3d375f0"
          },
          "sensitive_attributes": [],
          "private": "bnVsbA==",
          "dependencies": [
            "module.networking.module.vpc.aws_vpc.this"
          ]
        }
      ]
    },
    {
      "module": "module.load_balancer",
      "mode": "managed",
      "type": "aws_lb_target_group_attachment",
      "name": "alb-attachment",
      "provider": "provider[\"registry.terraform.io/hashicorp/aws\"]",
      "instances": [
        {
          "index_key": 0,
          "schema_version": 0,
          "attributes": {
            "availability_zone": null,
            "id": "arn:aws:elasticloadbalancing:us-east-1:802803423954:targetgroup/lb-tg/7ea8fea90e7ecff4-20221126023836046600000006",
            "port": 80,
            "target_group_arn": "arn:aws:elasticloadbalancing:us-east-1:802803423954:targetgroup/lb-tg/7ea8fea90e7ecff4",
            "target_id": "i-0735c77ffa80405d0"
          },
          "sensitive_attributes": [],
          "private": "bnVsbA==",
          "dependencies": [
            "module.access_ip.data.external.myipaddr",
            "module.compute.aws_instance.webservers",
            "module.compute.data.aws_ami.amzlinux2",
            "module.load_balancer.aws_lb_target_group.webservers_tg",
            "module.networking.module.vpc.aws_subnet.private",
            "module.networking.module.vpc.aws_vpc.this",
            "module.networking.module.vpc.aws_vpc_ipv4_cidr_block_association.this",
            "module.security-groups.aws_security_group.alb_sg",
            "module.security-groups.aws_security_group.bastion_sg",
            "module.security-groups.aws_security_group.webserver_sg"
          ]
        },
        {
          "index_key": 1,
          "schema_version": 0,
          "attributes": {
            "availability_zone": null,
            "id": "arn:aws:elasticloadbalancing:us-east-1:802803423954:targetgroup/lb-tg/7ea8fea90e7ecff4-20221126023835862100000005",
            "port": 80,
            "target_group_arn": "arn:aws:elasticloadbalancing:us-east-1:802803423954:targetgroup/lb-tg/7ea8fea90e7ecff4",
            "target_id": "i-03ea59bd47fe29bfa"
          },
          "sensitive_attributes": [],
          "private": "bnVsbA==",
          "dependencies": [
            "module.access_ip.data.external.myipaddr",
            "module.compute.aws_instance.webservers",
            "module.compute.data.aws_ami.amzlinux2",
            "module.load_balancer.aws_lb_target_group.webservers_tg",
            "module.networking.module.vpc.aws_subnet.private",
            "module.networking.module.vpc.aws_vpc.this",
            "module.networking.module.vpc.aws_vpc_ipv4_cidr_block_association.this",
            "module.security-groups.aws_security_group.alb_sg",
            "module.security-groups.aws_security_group.bastion_sg",
            "module.security-groups.aws_security_group.webserver_sg"
          ]
        }
      ]
    },
    {
      "module": "module.networking.module.vpc",
      "mode": "managed",
      "type": "aws_db_subnet_group",
      "name": "database",
      "provider": "provider[\"registry.terraform.io/hashicorp/aws\"]",
      "instances": [
        {
          "index_key": 0,
          "schema_version": 0,
          "attributes": {
            "arn": "arn:aws:rds:us-east-1:802803423954:subgrp:main",
            "description": "Database subnet group for main",
            "id": "main",
            "name": "main",
            "name_prefix": "",
            "subnet_ids": [
              "subnet-038c42ad144aa3c73",
              "subnet-08cb07fb46cef11f3"
            ],
            "supported_network_types": [
              "IPV4"
            ],
            "tags": {
              "Environment": "DEV",
              "Name": "main"
            },
            "tags_all": {
              "Environment": "DEV",
              "Name": "main"
            }
          },
          "sensitive_attributes": [],
          "private": "bnVsbA==",
          "dependencies": [
            "module.networking.module.vpc.aws_subnet.database",
            "module.networking.module.vpc.aws_vpc.this",
            "module.networking.module.vpc.aws_vpc_ipv4_cidr_block_association.this"
          ]
        }
      ]
    },
    {
      "module": "module.networking.module.vpc",
      "mode": "managed",
      "type": "aws_eip",
      "name": "nat",
      "provider": "provider[\"registry.terraform.io/hashicorp/aws\"]",
      "instances": [
        {
          "index_key": 0,
          "schema_version": 0,
          "attributes": {
            "address": null,
            "allocation_id": "eipalloc-0b12a9575072ad1d1",
            "associate_with_private_ip": null,
            "association_id": "",
            "carrier_ip": "",
            "customer_owned_ip": "",
            "customer_owned_ipv4_pool": "",
            "domain": "vpc",
            "id": "eipalloc-0b12a9575072ad1d1",
            "instance": "",
            "network_border_group": "us-east-1",
            "network_interface": "",
            "private_dns": null,
            "private_ip": "",
            "public_dns": "ec2-52-204-33-218.compute-1.amazonaws.com",
            "public_ip": "52.204.33.218",
            "public_ipv4_pool": "amazon",
            "tags": {
              "Environment": "DEV",
              "Name": "main-us-east-1a"
            },
            "tags_all": {
              "Environment": "DEV",
              "Name": "main-us-east-1a"
            },
            "timeouts": null,
            "vpc": true
          },
          "sensitive_attributes": [],
          "private": "eyJlMmJmYjczMC1lY2FhLTExZTYtOGY4OC0zNDM2M2JjN2M0YzAiOnsiZGVsZXRlIjoxODAwMDAwMDAwMDAsInJlYWQiOjkwMDAwMDAwMDAwMCwidXBkYXRlIjozMDAwMDAwMDAwMDB9fQ=="
        }
      ]
    },
    {
      "module": "module.networking.module.vpc",
      "mode": "managed",
      "type": "aws_internet_gateway",
      "name": "this",
      "provider": "provider[\"registry.terraform.io/hashicorp/aws\"]",
      "instances": [
        {
          "index_key": 0,
          "schema_version": 0,
          "attributes": {
            "arn": "arn:aws:ec2:us-east-1:802803423954:internet-gateway/igw-0640823f12448877f",
            "id": "igw-0640823f12448877f",
            "owner_id": "802803423954",
            "tags": {
              "Environment": "DEV",
              "Name": "main"
            },
            "tags_all": {
              "Environment": "DEV",
              "Name": "main"
            },
            "timeouts": null,
            "vpc_id": "vpc-0df871ee8a3d375f0"
          },
          "sensitive_attributes": [],
          "private": "eyJlMmJmYjczMC1lY2FhLTExZTYtOGY4OC0zNDM2M2JjN2M0YzAiOnsiY3JlYXRlIjoxMjAwMDAwMDAwMDAwLCJkZWxldGUiOjEyMDAwMDAwMDAwMDAsInVwZGF0ZSI6MTIwMDAwMDAwMDAwMH19",
          "dependencies": [
            "module.networking.module.vpc.aws_vpc.this",
            "module.networking.module.vpc.aws_vpc_ipv4_cidr_block_association.this"
          ]
        }
      ]
    },
    {
      "module": "module.networking.module.vpc",
      "mode": "managed",
      "type": "aws_nat_gateway",
      "name": "this",
      "provider": "provider[\"registry.terraform.io/hashicorp/aws\"]",
      "instances": [
        {
          "index_key": 0,
          "schema_version": 0,
          "attributes": {
            "allocation_id": "eipalloc-0b12a9575072ad1d1",
            "connectivity_type": "public",
            "id": "nat-0cfe25984a2834a09",
            "network_interface_id": "eni-0961669deb3c6e469",
            "private_ip": "10.0.1.27",
            "public_ip": "52.204.33.218",
            "subnet_id": "subnet-0b581e4ec172b82fb",
            "tags": {
              "Environment": "DEV",
              "Name": "main-us-east-1a"
            },
            "tags_all": {
              "Environment": "DEV",
              "Name": "main-us-east-1a"
            }
          },
          "sensitive_attributes": [],
          "private": "bnVsbA==",
          "dependencies": [
            "module.networking.module.vpc.aws_eip.nat",
            "module.networking.module.vpc.aws_internet_gateway.this",
            "module.networking.module.vpc.aws_subnet.public",
            "module.networking.module.vpc.aws_vpc.this",
            "module.networking.module.vpc.aws_vpc_ipv4_cidr_block_association.this"
          ]
        }
      ]
    },
    {
      "module": "module.networking.module.vpc",
      "mode": "managed",
      "type": "aws_network_acl",
      "name": "private",
      "provider": "provider[\"registry.terraform.io/hashicorp/aws\"]",
      "instances": [
        {
          "index_key": 0,
          "schema_version": 0,
          "attributes": {
            "arn": "arn:aws:ec2:us-east-1:802803423954:network-acl/acl-0ee30678d6f19320c",
            "egress": [],
            "id": "acl-0ee30678d6f19320c",
            "ingress": [],
            "owner_id": "802803423954",
            "subnet_ids": [
              "subnet-03015c46ed669a301",
              "subnet-0af58de63054e8cfa"
            ],
            "tags": {
              "Environment": "DEV",
              "Name": "main-private"
            },
            "tags_all": {
              "Environment": "DEV",
              "Name": "main-private"
            },
            "vpc_id": "vpc-0df871ee8a3d375f0"
          },
          "sensitive_attributes": [],
          "private": "bnVsbA==",
          "dependencies": [
            "module.networking.module.vpc.aws_subnet.private",
            "module.networking.module.vpc.aws_vpc.this",
            "module.networking.module.vpc.aws_vpc_ipv4_cidr_block_association.this"
          ]
        }
      ]
    },
    {
      "module": "module.networking.module.vpc",
      "mode": "managed",
      "type": "aws_network_acl",
      "name": "public",
      "provider": "provider[\"registry.terraform.io/hashicorp/aws\"]",
      "instances": [
        {
          "index_key": 0,
          "schema_version": 0,
          "attributes": {
            "arn": "arn:aws:ec2:us-east-1:802803423954:network-acl/acl-04d1d47f7614c9f31",
            "egress": [],
            "id": "acl-04d1d47f7614c9f31",
            "ingress": [],
            "owner_id": "802803423954",
            "subnet_ids": [
              "subnet-013e7c0aa00b9745a",
              "subnet-0b581e4ec172b82fb"
            ],
            "tags": {
              "Environment": "DEV",
              "Name": "main-public"
            },
            "tags_all": {
              "Environment": "DEV",
              "Name": "main-public"
            },
            "vpc_id": "vpc-0df871ee8a3d375f0"
          },
          "sensitive_attributes": [],
          "private": "bnVsbA==",
          "dependencies": [
            "module.networking.module.vpc.aws_subnet.public",
            "module.networking.module.vpc.aws_vpc.this",
            "module.networking.module.vpc.aws_vpc_ipv4_cidr_block_association.this"
          ]
        }
      ]
    },
    {
      "module": "module.networking.module.vpc",
      "mode": "managed",
      "type": "aws_network_acl_rule",
      "name": "private_inbound",
      "provider": "provider[\"registry.terraform.io/hashicorp/aws\"]",
      "instances": [
        {
          "index_key": 0,
          "schema_version": 0,
          "attributes": {
            "cidr_block": "65.186.13.143/32",
            "egress": false,
            "from_port": 22,
            "icmp_code": null,
            "icmp_type": null,
            "id": "nacl-2130096913",
            "ipv6_cidr_block": "",
            "network_acl_id": "acl-0ee30678d6f19320c",
            "protocol": "6",
            "rule_action": "allow",
            "rule_number": 100,
            "to_port": 22
          },
          "sensitive_attributes": [],
          "private": "bnVsbA==",
          "dependencies": [
            "module.access_ip.data.external.myipaddr",
            "module.networking.module.vpc.aws_network_acl.private",
            "module.networking.module.vpc.aws_subnet.private",
            "module.networking.module.vpc.aws_vpc.this",
            "module.networking.module.vpc.aws_vpc_ipv4_cidr_block_association.this"
          ]
        },
        {
          "index_key": 1,
          "schema_version": 0,
          "attributes": {
            "cidr_block": "0.0.0.0/0",
            "egress": false,
            "from_port": 80,
            "icmp_code": null,
            "icmp_type": null,
            "id": "nacl-43488970",
            "ipv6_cidr_block": "",
            "network_acl_id": "acl-0ee30678d6f19320c",
            "protocol": "6",
            "rule_action": "allow",
            "rule_number": 200,
            "to_port": 80
          },
          "sensitive_attributes": [],
          "private": "bnVsbA==",
          "dependencies": [
            "module.access_ip.data.external.myipaddr",
            "module.networking.module.vpc.aws_network_acl.private",
            "module.networking.module.vpc.aws_subnet.private",
            "module.networking.module.vpc.aws_vpc.this",
            "module.networking.module.vpc.aws_vpc_ipv4_cidr_block_association.this"
          ]
        },
        {
          "index_key": 2,
          "schema_version": 0,
          "attributes": {
            "cidr_block": "0.0.0.0/0",
            "egress": false,
            "from_port": 0,
            "icmp_code": null,
            "icmp_type": null,
            "id": "nacl-3603132141",
            "ipv6_cidr_block": "",
            "network_acl_id": "acl-0ee30678d6f19320c",
            "protocol": "-1",
            "rule_action": "deny",
            "rule_number": 300,
            "to_port": 0
          },
          "sensitive_attributes": [],
          "private": "bnVsbA==",
          "dependencies": [
            "module.access_ip.data.external.myipaddr",
            "module.networking.module.vpc.aws_network_acl.private",
            "module.networking.module.vpc.aws_subnet.private",
            "module.networking.module.vpc.aws_vpc.this",
            "module.networking.module.vpc.aws_vpc_ipv4_cidr_block_association.this"
          ]
        }
      ]
    },
    {
      "module": "module.networking.module.vpc",
      "mode": "managed",
      "type": "aws_network_acl_rule",
      "name": "private_outbound",
      "provider": "provider[\"registry.terraform.io/hashicorp/aws\"]",
      "instances": [
        {
          "index_key": 0,
          "schema_version": 0,
          "attributes": {
            "cidr_block": "0.0.0.0/0",
            "egress": true,
            "from_port": 0,
            "icmp_code": null,
            "icmp_type": null,
            "id": "nacl-4187691904",
            "ipv6_cidr_block": "",
            "network_acl_id": "acl-0ee30678d6f19320c",
            "protocol": "-1",
            "rule_action": "allow",
            "rule_number": 100,
            "to_port": 0
          },
          "sensitive_attributes": [],
          "private": "bnVsbA==",
          "dependencies": [
            "module.networking.module.vpc.aws_network_acl.private",
            "module.networking.module.vpc.aws_subnet.private",
            "module.networking.module.vpc.aws_vpc.this",
            "module.networking.module.vpc.aws_vpc_ipv4_cidr_block_association.this"
          ]
        }
      ]
    },
    {
      "module": "module.networking.module.vpc",
      "mode": "managed",
      "type": "aws_network_acl_rule",
      "name": "public_inbound",
      "provider": "provider[\"registry.terraform.io/hashicorp/aws\"]",
      "instances": [
        {
          "index_key": 0,
          "schema_version": 0,
          "attributes": {
            "cidr_block": "65.186.13.143/32",
            "egress": false,
            "from_port": 22,
            "icmp_code": null,
            "icmp_type": null,
            "id": "nacl-2485954933",
            "ipv6_cidr_block": "",
            "network_acl_id": "acl-04d1d47f7614c9f31",
            "protocol": "6",
            "rule_action": "allow",
            "rule_number": 100,
            "to_port": 22
          },
          "sensitive_attributes": [],
          "private": "bnVsbA==",
          "dependencies": [
            "module.access_ip.data.external.myipaddr",
            "module.networking.module.vpc.aws_network_acl.public",
            "module.networking.module.vpc.aws_subnet.public",
            "module.networking.module.vpc.aws_vpc.this",
            "module.networking.module.vpc.aws_vpc_ipv4_cidr_block_association.this"
          ]
        },
        {
          "index_key": 1,
          "schema_version": 0,
          "attributes": {
            "cidr_block": "0.0.0.0/0",
            "egress": false,
            "from_port": 80,
            "icmp_code": null,
            "icmp_type": null,
            "id": "nacl-3897396398",
            "ipv6_cidr_block": "",
            "network_acl_id": "acl-04d1d47f7614c9f31",
            "protocol": "6",
            "rule_action": "allow",
            "rule_number": 200,
            "to_port": 80
          },
          "sensitive_attributes": [],
          "private": "bnVsbA==",
          "dependencies": [
            "module.access_ip.data.external.myipaddr",
            "module.networking.module.vpc.aws_network_acl.public",
            "module.networking.module.vpc.aws_subnet.public",
            "module.networking.module.vpc.aws_vpc.this",
            "module.networking.module.vpc.aws_vpc_ipv4_cidr_block_association.this"
          ]
        },
        {
          "index_key": 2,
          "schema_version": 0,
          "attributes": {
            "cidr_block": "0.0.0.0/0",
            "egress": false,
            "from_port": 0,
            "icmp_code": null,
            "icmp_type": null,
            "id": "nacl-3651023721",
            "ipv6_cidr_block": "",
            "network_acl_id": "acl-04d1d47f7614c9f31",
            "protocol": "-1",
            "rule_action": "deny",
            "rule_number": 300,
            "to_port": 0
          },
          "sensitive_attributes": [],
          "private": "bnVsbA==",
          "dependencies": [
            "module.access_ip.data.external.myipaddr",
            "module.networking.module.vpc.aws_network_acl.public",
            "module.networking.module.vpc.aws_subnet.public",
            "module.networking.module.vpc.aws_vpc.this",
            "module.networking.module.vpc.aws_vpc_ipv4_cidr_block_association.this"
          ]
        }
      ]
    },
    {
      "module": "module.networking.module.vpc",
      "mode": "managed",
      "type": "aws_network_acl_rule",
      "name": "public_outbound",
      "provider": "provider[\"registry.terraform.io/hashicorp/aws\"]",
      "instances": [
        {
          "index_key": 0,
          "schema_version": 0,
          "attributes": {
            "cidr_block": "0.0.0.0/0",
            "egress": true,
            "from_port": 0,
            "icmp_code": null,
            "icmp_type": null,
            "id": "nacl-2755636169",
            "ipv6_cidr_block": "",
            "network_acl_id": "acl-04d1d47f7614c9f31",
            "protocol": "-1",
            "rule_action": "allow",
            "rule_number": 100,
            "to_port": 0
          },
          "sensitive_attributes": [],
          "private": "bnVsbA==",
          "dependencies": [
            "module.networking.module.vpc.aws_network_acl.public",
            "module.networking.module.vpc.aws_subnet.public",
            "module.networking.module.vpc.aws_vpc.this",
            "module.networking.module.vpc.aws_vpc_ipv4_cidr_block_association.this"
          ]
        }
      ]
    },
    {
      "module": "module.networking.module.vpc",
      "mode": "managed",
      "type": "aws_route",
      "name": "private_nat_gateway",
      "provider": "provider[\"registry.terraform.io/hashicorp/aws\"]",
      "instances": [
        {
          "index_key": 0,
          "schema_version": 0,
          "attributes": {
            "carrier_gateway_id": "",
            "core_network_arn": "",
            "destination_cidr_block": "0.0.0.0/0",
            "destination_ipv6_cidr_block": "",
            "destination_prefix_list_id": "",
            "egress_only_gateway_id": "",
            "gateway_id": "",
            "id": "r-rtb-01ee890433c6618661080289494",
            "instance_id": "",
            "instance_owner_id": "",
            "local_gateway_id": "",
            "nat_gateway_id": "nat-0cfe25984a2834a09",
            "network_interface_id": "",
            "origin": "CreateRoute",
            "route_table_id": "rtb-01ee890433c661866",
            "state": "active",
            "timeouts": {
              "create": "5m",
              "delete": null,
              "update": null
            },
            "transit_gateway_id": "",
            "vpc_endpoint_id": "",
            "vpc_peering_connection_id": ""
          },
          "sensitive_attributes": [],
          "private": "eyJlMmJmYjczMC1lY2FhLTExZTYtOGY4OC0zNDM2M2JjN2M0YzAiOnsiY3JlYXRlIjozMDAwMDAwMDAwMDAsImRlbGV0ZSI6MzAwMDAwMDAwMDAwLCJ1cGRhdGUiOjEyMDAwMDAwMDAwMH19",
          "dependencies": [
            "module.networking.module.vpc.aws_eip.nat",
            "module.networking.module.vpc.aws_internet_gateway.this",
            "module.networking.module.vpc.aws_nat_gateway.this",
            "module.networking.module.vpc.aws_route_table.private",
            "module.networking.module.vpc.aws_subnet.public",
            "module.networking.module.vpc.aws_vpc.this",
            "module.networking.module.vpc.aws_vpc_ipv4_cidr_block_association.this"
          ]
        }
      ]
    },
    {
      "module": "module.networking.module.vpc",
      "mode": "managed",
      "type": "aws_route",
      "name": "public_internet_gateway",
      "provider": "provider[\"registry.terraform.io/hashicorp/aws\"]",
      "instances": [
        {
          "index_key": 0,
          "schema_version": 0,
          "attributes": {
            "carrier_gateway_id": "",
            "core_network_arn": "",
            "destination_cidr_block": "0.0.0.0/0",
            "destination_ipv6_cidr_block": "",
            "destination_prefix_list_id": "",
            "egress_only_gateway_id": "",
            "gateway_id": "igw-0640823f12448877f",
            "id": "r-rtb-01f6eff7151aecdb61080289494",
            "instance_id": "",
            "instance_owner_id": "",
            "local_gateway_id": "",
            "nat_gateway_id": "",
            "network_interface_id": "",
            "origin": "CreateRoute",
            "route_table_id": "rtb-01f6eff7151aecdb6",
            "state": "active",
            "timeouts": {
              "create": "5m",
              "delete": null,
              "update": null
            },
            "transit_gateway_id": "",
            "vpc_endpoint_id": "",
            "vpc_peering_connection_id": ""
          },
          "sensitive_attributes": [],
          "private": "eyJlMmJmYjczMC1lY2FhLTExZTYtOGY4OC0zNDM2M2JjN2M0YzAiOnsiY3JlYXRlIjozMDAwMDAwMDAwMDAsImRlbGV0ZSI6MzAwMDAwMDAwMDAwLCJ1cGRhdGUiOjEyMDAwMDAwMDAwMH19",
          "dependencies": [
            "module.networking.module.vpc.aws_internet_gateway.this",
            "module.networking.module.vpc.aws_route_table.public",
            "module.networking.module.vpc.aws_vpc.this",
            "module.networking.module.vpc.aws_vpc_ipv4_cidr_block_association.this"
          ]
        }
      ]
    },
    {
      "module": "module.networking.module.vpc",
      "mode": "managed",
      "type": "aws_route_table",
      "name": "private",
      "provider": "provider[\"registry.terraform.io/hashicorp/aws\"]",
      "instances": [
        {
          "index_key": 0,
          "schema_version": 0,
          "attributes": {
            "arn": "arn:aws:ec2:us-east-1:802803423954:route-table/rtb-01ee890433c661866",
            "id": "rtb-01ee890433c661866",
            "owner_id": "802803423954",
            "propagating_vgws": [],
            "route": [],
            "tags": {
              "Environment": "DEV",
              "Name": "main-private"
            },
            "tags_all": {
              "Environment": "DEV",
              "Name": "main-private"
            },
            "timeouts": null,
            "vpc_id": "vpc-0df871ee8a3d375f0"
          },
          "sensitive_attributes": [],
          "private": "eyJlMmJmYjczMC1lY2FhLTExZTYtOGY4OC0zNDM2M2JjN2M0YzAiOnsiY3JlYXRlIjozMDAwMDAwMDAwMDAsImRlbGV0ZSI6MzAwMDAwMDAwMDAwLCJ1cGRhdGUiOjEyMDAwMDAwMDAwMH19",
          "dependencies": [
            "module.networking.module.vpc.aws_vpc.this",
            "module.networking.module.vpc.aws_vpc_ipv4_cidr_block_association.this"
          ]
        }
      ]
    },
    {
      "module": "module.networking.module.vpc",
      "mode": "managed",
      "type": "aws_route_table",
      "name": "public",
      "provider": "provider[\"registry.terraform.io/hashicorp/aws\"]",
      "instances": [
        {
          "index_key": 0,
          "schema_version": 0,
          "attributes": {
            "arn": "arn:aws:ec2:us-east-1:802803423954:route-table/rtb-01f6eff7151aecdb6",
            "id": "rtb-01f6eff7151aecdb6",
            "owner_id": "802803423954",
            "propagating_vgws": [],
            "route": [],
            "tags": {
              "Environment": "DEV",
              "Name": "main-public"
            },
            "tags_all": {
              "Environment": "DEV",
              "Name": "main-public"
            },
            "timeouts": null,
            "vpc_id": "vpc-0df871ee8a3d375f0"
          },
          "sensitive_attributes": [],
          "private": "eyJlMmJmYjczMC1lY2FhLTExZTYtOGY4OC0zNDM2M2JjN2M0YzAiOnsiY3JlYXRlIjozMDAwMDAwMDAwMDAsImRlbGV0ZSI6MzAwMDAwMDAwMDAwLCJ1cGRhdGUiOjEyMDAwMDAwMDAwMH19",
          "dependencies": [
            "module.networking.module.vpc.aws_vpc.this",
            "module.networking.module.vpc.aws_vpc_ipv4_cidr_block_association.this"
          ]
        }
      ]
    },
    {
      "module": "module.networking.module.vpc",
      "mode": "managed",
      "type": "aws_route_table_association",
      "name": "database",
      "provider": "provider[\"registry.terraform.io/hashicorp/aws\"]",
      "instances": [
        {
          "index_key": 0,
          "schema_version": 0,
          "attributes": {
            "gateway_id": "",
            "id": "rtbassoc-0e0504dbc2ce0a9a6",
            "route_table_id": "rtb-01ee890433c661866",
            "subnet_id": "subnet-038c42ad144aa3c73"
          },
          "sensitive_attributes": [],
          "private": "bnVsbA==",
          "dependencies": [
            "module.networking.module.vpc.aws_route_table.database",
            "module.networking.module.vpc.aws_route_table.private",
            "module.networking.module.vpc.aws_subnet.database",
            "module.networking.module.vpc.aws_vpc.this",
            "module.networking.module.vpc.aws_vpc_ipv4_cidr_block_association.this"
          ]
        },
        {
          "index_key": 1,
          "schema_version": 0,
          "attributes": {
            "gateway_id": "",
            "id": "rtbassoc-0fe98a07db5e8f351",
            "route_table_id": "rtb-01ee890433c661866",
            "subnet_id": "subnet-08cb07fb46cef11f3"
          },
          "sensitive_attributes": [],
          "private": "bnVsbA==",
          "dependencies": [
            "module.networking.module.vpc.aws_route_table.database",
            "module.networking.module.vpc.aws_route_table.private",
            "module.networking.module.vpc.aws_subnet.database",
            "module.networking.module.vpc.aws_vpc.this",
            "module.networking.module.vpc.aws_vpc_ipv4_cidr_block_association.this"
          ]
        }
      ]
    },
    {
      "module": "module.networking.module.vpc",
      "mode": "managed",
      "type": "aws_route_table_association",
      "name": "private",
      "provider": "provider[\"registry.terraform.io/hashicorp/aws\"]",
      "instances": [
        {
          "index_key": 0,
          "schema_version": 0,
          "attributes": {
            "gateway_id": "",
            "id": "rtbassoc-0c696817f14007fd3",
            "route_table_id": "rtb-01ee890433c661866",
            "subnet_id": "subnet-03015c46ed669a301"
          },
          "sensitive_attributes": [],
          "private": "bnVsbA==",
          "dependencies": [
            "module.networking.module.vpc.aws_route_table.private",
            "module.networking.module.vpc.aws_subnet.private",
            "module.networking.module.vpc.aws_vpc.this",
            "module.networking.module.vpc.aws_vpc_ipv4_cidr_block_association.this"
          ]
        },
        {
          "index_key": 1,
          "schema_version": 0,
          "attributes": {
            "gateway_id": "",
            "id": "rtbassoc-0a8a0e3e62a57dff5",
            "route_table_id": "rtb-01ee890433c661866",
            "subnet_id": "subnet-0af58de63054e8cfa"
          },
          "sensitive_attributes": [],
          "private": "bnVsbA==",
          "dependencies": [
            "module.networking.module.vpc.aws_route_table.private",
            "module.networking.module.vpc.aws_subnet.private",
            "module.networking.module.vpc.aws_vpc.this",
            "module.networking.module.vpc.aws_vpc_ipv4_cidr_block_association.this"
          ]
        }
      ]
    },
    {
      "module": "module.networking.module.vpc",
      "mode": "managed",
      "type": "aws_route_table_association",
      "name": "public",
      "provider": "provider[\"registry.terraform.io/hashicorp/aws\"]",
      "instances": [
        {
          "index_key": 0,
          "schema_version": 0,
          "attributes": {
            "gateway_id": "",
            "id": "rtbassoc-08b7cd516d1bf63cb",
            "route_table_id": "rtb-01f6eff7151aecdb6",
            "subnet_id": "subnet-0b581e4ec172b82fb"
          },
          "sensitive_attributes": [],
          "private": "bnVsbA==",
          "dependencies": [
            "module.networking.module.vpc.aws_route_table.public",
            "module.networking.module.vpc.aws_subnet.public",
            "module.networking.module.vpc.aws_vpc.this",
            "module.networking.module.vpc.aws_vpc_ipv4_cidr_block_association.this"
          ]
        },
        {
          "index_key": 1,
          "schema_version": 0,
          "attributes": {
            "gateway_id": "",
            "id": "rtbassoc-07348d20ee91d0c55",
            "route_table_id": "rtb-01f6eff7151aecdb6",
            "subnet_id": "subnet-013e7c0aa00b9745a"
          },
          "sensitive_attributes": [],
          "private": "bnVsbA==",
          "dependencies": [
            "module.networking.module.vpc.aws_route_table.public",
            "module.networking.module.vpc.aws_subnet.public",
            "module.networking.module.vpc.aws_vpc.this",
            "module.networking.module.vpc.aws_vpc_ipv4_cidr_block_association.this"
          ]
        }
      ]
    },
    {
      "module": "module.networking.module.vpc",
      "mode": "managed",
      "type": "aws_subnet",
      "name": "database",
      "provider": "provider[\"registry.terraform.io/hashicorp/aws\"]",
      "instances": [
        {
          "index_key": 0,
          "schema_version": 1,
          "attributes": {
            "arn": "arn:aws:ec2:us-east-1:802803423954:subnet/subnet-038c42ad144aa3c73",
            "assign_ipv6_address_on_creation": false,
            "availability_zone": "us-east-1a",
            "availability_zone_id": "use1-az2",
            "cidr_block": "10.0.111.0/24",
            "customer_owned_ipv4_pool": "",
            "enable_dns64": false,
            "enable_resource_name_dns_a_record_on_launch": false,
            "enable_resource_name_dns_aaaa_record_on_launch": false,
            "id": "subnet-038c42ad144aa3c73",
            "ipv6_cidr_block": "",
            "ipv6_cidr_block_association_id": "",
            "ipv6_native": false,
            "map_customer_owned_ip_on_launch": false,
            "map_public_ip_on_launch": false,
            "outpost_arn": "",
            "owner_id": "802803423954",
            "private_dns_hostname_type_on_launch": "ip-name",
            "tags": {
              "Environment": "DEV",
              "Name": "main-db-us-east-1a"
            },
            "tags_all": {
              "Environment": "DEV",
              "Name": "main-db-us-east-1a"
            },
            "timeouts": null,
            "vpc_id": "vpc-0df871ee8a3d375f0"
          },
          "sensitive_attributes": [],
          "private": "eyJlMmJmYjczMC1lY2FhLTExZTYtOGY4OC0zNDM2M2JjN2M0YzAiOnsiY3JlYXRlIjo2MDAwMDAwMDAwMDAsImRlbGV0ZSI6MTIwMDAwMDAwMDAwMH0sInNjaGVtYV92ZXJzaW9uIjoiMSJ9",
          "dependencies": [
            "module.networking.module.vpc.aws_vpc.this",
            "module.networking.module.vpc.aws_vpc_ipv4_cidr_block_association.this"
          ]
        },
        {
          "index_key": 1,
          "schema_version": 1,
          "attributes": {
            "arn": "arn:aws:ec2:us-east-1:802803423954:subnet/subnet-08cb07fb46cef11f3",
            "assign_ipv6_address_on_creation": false,
            "availability_zone": "us-east-1b",
            "availability_zone_id": "use1-az4",
            "cidr_block": "10.0.222.0/24",
            "customer_owned_ipv4_pool": "",
            "enable_dns64": false,
            "enable_resource_name_dns_a_record_on_launch": false,
            "enable_resource_name_dns_aaaa_record_on_launch": false,
            "id": "subnet-08cb07fb46cef11f3",
            "ipv6_cidr_block": "",
            "ipv6_cidr_block_association_id": "",
            "ipv6_native": false,
            "map_customer_owned_ip_on_launch": false,
            "map_public_ip_on_launch": false,
            "outpost_arn": "",
            "owner_id": "802803423954",
            "private_dns_hostname_type_on_launch": "ip-name",
            "tags": {
              "Environment": "DEV",
              "Name": "main-db-us-east-1b"
            },
            "tags_all": {
              "Environment": "DEV",
              "Name": "main-db-us-east-1b"
            },
            "timeouts": null,
            "vpc_id": "vpc-0df871ee8a3d375f0"
          },
          "sensitive_attributes": [],
          "private": "eyJlMmJmYjczMC1lY2FhLTExZTYtOGY4OC0zNDM2M2JjN2M0YzAiOnsiY3JlYXRlIjo2MDAwMDAwMDAwMDAsImRlbGV0ZSI6MTIwMDAwMDAwMDAwMH0sInNjaGVtYV92ZXJzaW9uIjoiMSJ9",
          "dependencies": [
            "module.networking.module.vpc.aws_vpc.this",
            "module.networking.module.vpc.aws_vpc_ipv4_cidr_block_association.this"
          ]
        }
      ]
    },
    {
      "module": "module.networking.module.vpc",
      "mode": "managed",
      "type": "aws_subnet",
      "name": "private",
      "provider": "provider[\"registry.terraform.io/hashicorp/aws\"]",
      "instances": [
        {
          "index_key": 0,
          "schema_version": 1,
          "attributes": {
            "arn": "arn:aws:ec2:us-east-1:802803423954:subnet/subnet-03015c46ed669a301",
            "assign_ipv6_address_on_creation": false,
            "availability_zone": "us-east-1a",
            "availability_zone_id": "use1-az2",
            "cidr_block": "10.0.11.0/24",
            "customer_owned_ipv4_pool": "",
            "enable_dns64": false,
            "enable_resource_name_dns_a_record_on_launch": false,
            "enable_resource_name_dns_aaaa_record_on_launch": false,
            "id": "subnet-03015c46ed669a301",
            "ipv6_cidr_block": "",
            "ipv6_cidr_block_association_id": "",
            "ipv6_native": false,
            "map_customer_owned_ip_on_launch": false,
            "map_public_ip_on_launch": false,
            "outpost_arn": "",
            "owner_id": "802803423954",
            "private_dns_hostname_type_on_launch": "ip-name",
            "tags": {
              "Environment": "DEV",
              "Name": "main-private-us-east-1a"
            },
            "tags_all": {
              "Environment": "DEV",
              "Name": "main-private-us-east-1a"
            },
            "timeouts": null,
            "vpc_id": "vpc-0df871ee8a3d375f0"
          },
          "sensitive_attributes": [],
          "private": "eyJlMmJmYjczMC1lY2FhLTExZTYtOGY4OC0zNDM2M2JjN2M0YzAiOnsiY3JlYXRlIjo2MDAwMDAwMDAwMDAsImRlbGV0ZSI6MTIwMDAwMDAwMDAwMH0sInNjaGVtYV92ZXJzaW9uIjoiMSJ9",
          "dependencies": [
            "module.networking.module.vpc.aws_vpc.this",
            "module.networking.module.vpc.aws_vpc_ipv4_cidr_block_association.this"
          ]
        },
        {
          "index_key": 1,
          "schema_version": 1,
          "attributes": {
            "arn": "arn:aws:ec2:us-east-1:802803423954:subnet/subnet-0af58de63054e8cfa",
            "assign_ipv6_address_on_creation": false,
            "availability_zone": "us-east-1b",
            "availability_zone_id": "use1-az4",
            "cidr_block": "10.0.22.0/24",
            "customer_owned_ipv4_pool": "",
            "enable_dns64": false,
            "enable_resource_name_dns_a_record_on_launch": false,
            "enable_resource_name_dns_aaaa_record_on_launch": false,
            "id": "subnet-0af58de63054e8cfa",
            "ipv6_cidr_block": "",
            "ipv6_cidr_block_association_id": "",
            "ipv6_native": false,
            "map_customer_owned_ip_on_launch": false,
            "map_public_ip_on_launch": false,
            "outpost_arn": "",
            "owner_id": "802803423954",
            "private_dns_hostname_type_on_launch": "ip-name",
            "tags": {
              "Environment": "DEV",
              "Name": "main-private-us-east-1b"
            },
            "tags_all": {
              "Environment": "DEV",
              "Name": "main-private-us-east-1b"
            },
            "timeouts": null,
            "vpc_id": "vpc-0df871ee8a3d375f0"
          },
          "sensitive_attributes": [],
          "private": "eyJlMmJmYjczMC1lY2FhLTExZTYtOGY4OC0zNDM2M2JjN2M0YzAiOnsiY3JlYXRlIjo2MDAwMDAwMDAwMDAsImRlbGV0ZSI6MTIwMDAwMDAwMDAwMH0sInNjaGVtYV92ZXJzaW9uIjoiMSJ9",
          "dependencies": [
            "module.networking.module.vpc.aws_vpc.this",
            "module.networking.module.vpc.aws_vpc_ipv4_cidr_block_association.this"
          ]
        }
      ]
    },
    {
      "module": "module.networking.module.vpc",
      "mode": "managed",
      "type": "aws_subnet",
      "name": "public",
      "provider": "provider[\"registry.terraform.io/hashicorp/aws\"]",
      "instances": [
        {
          "index_key": 0,
          "schema_version": 1,
          "attributes": {
            "arn": "arn:aws:ec2:us-east-1:802803423954:subnet/subnet-0b581e4ec172b82fb",
            "assign_ipv6_address_on_creation": false,
            "availability_zone": "us-east-1a",
            "availability_zone_id": "use1-az2",
            "cidr_block": "10.0.1.0/24",
            "customer_owned_ipv4_pool": "",
            "enable_dns64": false,
            "enable_resource_name_dns_a_record_on_launch": false,
            "enable_resource_name_dns_aaaa_record_on_launch": false,
            "id": "subnet-0b581e4ec172b82fb",
            "ipv6_cidr_block": "",
            "ipv6_cidr_block_association_id": "",
            "ipv6_native": false,
            "map_customer_owned_ip_on_launch": false,
            "map_public_ip_on_launch": true,
            "outpost_arn": "",
            "owner_id": "802803423954",
            "private_dns_hostname_type_on_launch": "ip-name",
            "tags": {
              "Environment": "DEV",
              "Name": "main-public-us-east-1a"
            },
            "tags_all": {
              "Environment": "DEV",
              "Name": "main-public-us-east-1a"
            },
            "timeouts": null,
            "vpc_id": "vpc-0df871ee8a3d375f0"
          },
          "sensitive_attributes": [],
          "private": "eyJlMmJmYjczMC1lY2FhLTExZTYtOGY4OC0zNDM2M2JjN2M0YzAiOnsiY3JlYXRlIjo2MDAwMDAwMDAwMDAsImRlbGV0ZSI6MTIwMDAwMDAwMDAwMH0sInNjaGVtYV92ZXJzaW9uIjoiMSJ9",
          "dependencies": [
            "module.networking.module.vpc.aws_vpc.this",
            "module.networking.module.vpc.aws_vpc_ipv4_cidr_block_association.this"
          ]
        },
        {
          "index_key": 1,
          "schema_version": 1,
          "attributes": {
            "arn": "arn:aws:ec2:us-east-1:802803423954:subnet/subnet-013e7c0aa00b9745a",
            "assign_ipv6_address_on_creation": false,
            "availability_zone": "us-east-1b",
            "availability_zone_id": "use1-az4",
            "cidr_block": "10.0.2.0/24",
            "customer_owned_ipv4_pool": "",
            "enable_dns64": false,
            "enable_resource_name_dns_a_record_on_launch": false,
            "enable_resource_name_dns_aaaa_record_on_launch": false,
            "id": "subnet-013e7c0aa00b9745a",
            "ipv6_cidr_block": "",
            "ipv6_cidr_block_association_id": "",
            "ipv6_native": false,
            "map_customer_owned_ip_on_launch": false,
            "map_public_ip_on_launch": true,
            "outpost_arn": "",
            "owner_id": "802803423954",
            "private_dns_hostname_type_on_launch": "ip-name",
            "tags": {
              "Environment": "DEV",
              "Name": "main-public-us-east-1b"
            },
            "tags_all": {
              "Environment": "DEV",
              "Name": "main-public-us-east-1b"
            },
            "timeouts": null,
            "vpc_id": "vpc-0df871ee8a3d375f0"
          },
          "sensitive_attributes": [],
          "private": "eyJlMmJmYjczMC1lY2FhLTExZTYtOGY4OC0zNDM2M2JjN2M0YzAiOnsiY3JlYXRlIjo2MDAwMDAwMDAwMDAsImRlbGV0ZSI6MTIwMDAwMDAwMDAwMH0sInNjaGVtYV92ZXJzaW9uIjoiMSJ9",
          "dependencies": [
            "module.networking.module.vpc.aws_vpc.this",
            "module.networking.module.vpc.aws_vpc_ipv4_cidr_block_association.this"
          ]
        }
      ]
    },
    {
      "module": "module.networking.module.vpc",
      "mode": "managed",
      "type": "aws_vpc",
      "name": "this",
      "provider": "provider[\"registry.terraform.io/hashicorp/aws\"]",
      "instances": [
        {
          "index_key": 0,
          "schema_version": 1,
          "attributes": {
            "arn": "arn:aws:ec2:us-east-1:802803423954:vpc/vpc-0df871ee8a3d375f0",
            "assign_generated_ipv6_cidr_block": false,
            "cidr_block": "10.0.0.0/16",
            "default_network_acl_id": "acl-0d4e12ce7066d8ed5",
            "default_route_table_id": "rtb-0db97d05606b82e7b",
            "default_security_group_id": "sg-0b8824a1770ade5ea",
            "dhcp_options_id": "dopt-0e4edd1e3e62dd9f1",
            "enable_classiclink": false,
            "enable_classiclink_dns_support": false,
            "enable_dns_hostnames": true,
            "enable_dns_support": true,
            "enable_network_address_usage_metrics": false,
            "id": "vpc-0df871ee8a3d375f0",
            "instance_tenancy": "default",
            "ipv4_ipam_pool_id": null,
            "ipv4_netmask_length": null,
            "ipv6_association_id": "",
            "ipv6_cidr_block": "",
            "ipv6_cidr_block_network_border_group": "",
            "ipv6_ipam_pool_id": "",
            "ipv6_netmask_length": 0,
            "main_route_table_id": "rtb-0db97d05606b82e7b",
            "owner_id": "802803423954",
            "tags": {
              "Environment": "DEV",
              "Name": "main"
            },
            "tags_all": {
              "Environment": "DEV",
              "Name": "main"
            }
          },
          "sensitive_attributes": [],
          "private": "eyJzY2hlbWFfdmVyc2lvbiI6IjEifQ=="
        }
      ]
    },
    {
      "module": "module.security-groups",
      "mode": "managed",
      "type": "aws_security_group",
      "name": "alb_sg",
      "provider": "provider[\"registry.terraform.io/hashicorp/aws\"]",
      "instances": [
        {
          "schema_version": 1,
          "attributes": {
            "arn": "arn:aws:ec2:us-east-1:802803423954:security-group/sg-04cde2ae57be7fb1a",
            "description": "Allow Inbound HTTP Traffic via ALB",
            "egress": [],
            "id": "sg-04cde2ae57be7fb1a",
            "ingress": [
              {
                "cidr_blocks": [
                  "0.0.0.0/0"
                ],
                "description": "",
                "from_port": 80,
                "ipv6_cidr_blocks": [],
                "prefix_list_ids": [],
                "protocol": "tcp",
                "security_groups": [],
                "self": false,
                "to_port": 80
              }
            ],
            "name": "lb_sg",
            "name_prefix": "",
            "owner_id": "802803423954",
            "revoke_rules_on_delete": false,
            "tags": null,
            "tags_all": {},
            "timeouts": null,
            "vpc_id": "vpc-0df871ee8a3d375f0"
          },
          "sensitive_attributes": [],
          "private": "eyJlMmJmYjczMC1lY2FhLTExZTYtOGY4OC0zNDM2M2JjN2M0YzAiOnsiY3JlYXRlIjo2MDAwMDAwMDAwMDAsImRlbGV0ZSI6OTAwMDAwMDAwMDAwfSwic2NoZW1hX3ZlcnNpb24iOiIxIn0=",
          "dependencies": [
            "module.networking.module.vpc.aws_vpc.this"
          ]
        }
      ]
    },
    {
      "module": "module.security-groups",
      "mode": "managed",
      "type": "aws_security_group",
      "name": "bastion_sg",
      "provider": "provider[\"registry.terraform.io/hashicorp/aws\"]",
      "instances": [
        {
          "schema_version": 1,
          "attributes": {
            "arn": "arn:aws:ec2:us-east-1:802803423954:security-group/sg-06491e13aec784843",
            "description": "Allow SSH Inbound Traffic From my IP",
            "egress": [],
            "id": "sg-06491e13aec784843",
            "ingress": [
              {
                "cidr_blocks": [
                  "65.186.13.143/32"
                ],
                "description": "",
                "from_port": 22,
                "ipv6_cidr_blocks": [],
                "prefix_list_ids": [],
                "protocol": "tcp",
                "security_groups": [],
                "self": false,
                "to_port": 22
              }
            ],
            "name": "bastion_sg",
            "name_prefix": "",
            "owner_id": "802803423954",
            "revoke_rules_on_delete": false,
            "tags": null,
            "tags_all": {},
            "timeouts": null,
            "vpc_id": "vpc-0df871ee8a3d375f0"
          },
          "sensitive_attributes": [],
          "private": "eyJlMmJmYjczMC1lY2FhLTExZTYtOGY4OC0zNDM2M2JjN2M0YzAiOnsiY3JlYXRlIjo2MDAwMDAwMDAwMDAsImRlbGV0ZSI6OTAwMDAwMDAwMDAwfSwic2NoZW1hX3ZlcnNpb24iOiIxIn0=",
          "dependencies": [
            "module.access_ip.data.external.myipaddr",
            "module.networking.module.vpc.aws_vpc.this"
          ]
        }
      ]
    },
    {
      "module": "module.security-groups",
      "mode": "managed",
      "type": "aws_security_group",
      "name": "data_sg",
      "provider": "provider[\"registry.terraform.io/hashicorp/aws\"]",
      "instances": [
        {
          "schema_version": 1,
          "attributes": {
            "arn": "arn:aws:ec2:us-east-1:802803423954:security-group/sg-0bbf08dc0e51d9015",
            "description": "Allow MySQL Port Inbound Traffic from Backend App Security Group",
            "egress": [
              {
                "cidr_blocks": [
                  "10.0.0.0/16"
                ],
                "description": "",
                "from_port": 32768,
                "ipv6_cidr_blocks": [],
                "prefix_list_ids": [],
                "protocol": "tcp",
                "security_groups": [],
                "self": false,
                "to_port": 65535
              }
            ],
            "id": "sg-0bbf08dc0e51d9015",
            "ingress": [
              {
                "cidr_blocks": [],
                "description": "",
                "from_port": 3306,
                "ipv6_cidr_blocks": [],
                "prefix_list_ids": [],
                "protocol": "tcp",
                "security_groups": [
                  "sg-01ef3c225f4aeca0a"
                ],
                "self": false,
                "to_port": 3306
              }
            ],
            "name": "data_sg",
            "name_prefix": "",
            "owner_id": "802803423954",
            "revoke_rules_on_delete": false,
            "tags": null,
            "tags_all": {},
            "timeouts": null,
            "vpc_id": "vpc-0df871ee8a3d375f0"
          },
          "sensitive_attributes": [],
          "private": "eyJlMmJmYjczMC1lY2FhLTExZTYtOGY4OC0zNDM2M2JjN2M0YzAiOnsiY3JlYXRlIjo2MDAwMDAwMDAwMDAsImRlbGV0ZSI6OTAwMDAwMDAwMDAwfSwic2NoZW1hX3ZlcnNpb24iOiIxIn0=",
          "dependencies": [
            "module.access_ip.data.external.myipaddr",
            "module.networking.module.vpc.aws_vpc.this",
            "module.security-groups.aws_security_group.alb_sg",
            "module.security-groups.aws_security_group.bastion_sg",
            "module.security-groups.aws_security_group.webserver_sg"
          ]
        }
      ]
    },
    {
      "module": "module.security-groups",
      "mode": "managed",
      "type": "aws_security_group",
      "name": "webserver_sg",
      "provider": "provider[\"registry.terraform.io/hashicorp/aws\"]",
      "instances": [
        {
          "schema_version": 1,
          "attributes": {
            "arn": "arn:aws:ec2:us-east-1:802803423954:security-group/sg-01ef3c225f4aeca0a",
            "description": "Allow Inbound HTTP from ALB, and SSH inbound traffic from Bastion",
            "egress": [],
            "id": "sg-01ef3c225f4aeca0a",
            "ingress": [
              {
                "cidr_blocks": [],
                "description": "",
                "from_port": 22,
                "ipv6_cidr_blocks": [],
                "prefix_list_ids": [],
                "protocol": "tcp",
                "security_groups": [
                  "sg-06491e13aec784843"
                ],
                "self": false,
                "to_port": 22
              },
              {
                "cidr_blocks": [],
                "description": "",
                "from_port": 80,
                "ipv6_cidr_blocks": [],
                "prefix_list_ids": [],
                "protocol": "tcp",
                "security_groups": [
                  "sg-04cde2ae57be7fb1a"
                ],
                "self": false,
                "to_port": 80
              }
            ],
            "name": "webserver_sg",
            "name_prefix": "",
            "owner_id": "802803423954",
            "revoke_rules_on_delete": false,
            "tags": null,
            "tags_all": {},
            "timeouts": null,
            "vpc_id": "vpc-0df871ee8a3d375f0"
          },
          "sensitive_attributes": [],
          "private": "eyJlMmJmYjczMC1lY2FhLTExZTYtOGY4OC0zNDM2M2JjN2M0YzAiOnsiY3JlYXRlIjo2MDAwMDAwMDAwMDAsImRlbGV0ZSI6OTAwMDAwMDAwMDAwfSwic2NoZW1hX3ZlcnNpb24iOiIxIn0=",
          "dependencies": [
            "module.access_ip.data.external.myipaddr",
            "module.networking.module.vpc.aws_vpc.this",
            "module.security-groups.aws_security_group.alb_sg",
            "module.security-groups.aws_security_group.bastion_sg"
          ]
        }
      ]
    }
  ],
  "check_results": null
}
